// !$*UTF8*$!
{
  archiveVersion = 1;
  classes = {};
  objectVersion = 77;
  objects = {
    A10000000000000000000001 /* Project object */ = {
      isa = PBXProject;
      attributes = {
        LastSwiftUpdateCheck = 2600;
        TargetAttributes = {
          A10000000000000000000060 = { CreatedOnToolsVersion = 26.0; };
          A10000000000000000000061 = { CreatedOnToolsVersion = 26.0; TestTargetID = A10000000000000000000060; };
          A10000000000000000000062 = { CreatedOnToolsVersion = 26.0; TestTargetID = A10000000000000000000060; };
        };
      };
      buildConfigurationList = A10000000000000000000080;
      compatibilityVersion = "Xcode 16.0";
      developmentRegion = ko;
      knownRegions = (en, ko);
      mainGroup = A10000000000000000000002;
      productRefGroup = A10000000000000000000005;
      projectDirPath = "";
      projectRoot = "";
      targets = (A10000000000000000000060, A10000000000000000000061, A10000000000000000000062);
    };
    A10000000000000000000002 = { isa = PBXGroup; children = (A10000000000000000000003, A10000000000000000000004, A10000000000000000000007, A10000000000000000000005, A1000000000000000000000B); sourceTree = "<group>"; };
    A10000000000000000000003 = { isa = PBXGroup; children = (A10000000000000000000006, A10000000000000000000008, A10000000000000000000009, A1000000000000000000000A, A100000000000000000000C2, A10000000000000100); path = TicketGroundApp; sourceTree = "<group>"; };
    A10000000000000000000004 = { isa = PBXGroup; children = (A10000000000000000000032, A10000000000000000000035, A10000000000000000000036, A1000000000000000000003A, A10000000000000112, A10000000000000118); path = TicketGroundAppTests; sourceTree = "<group>"; };
    A10000000000000000000005 = { isa = PBXGroup; children = (A10000000000000000000020, A10000000000000000000021, A10000000000000000000022); name = Products; sourceTree = "<group>"; };
    A10000000000000000000006 = { isa = PBXGroup; children = (A10000000000000000000030, A10000000000000000000031, A10000000000000000000034, A10000000000000000000038); path = App; sourceTree = "<group>"; };
    A10000000000000000000007 = { isa = PBXGroup; children = (A10000000000000000000033, A10000000000000000000037, A10000000000000000000039, A100000000000000000000C0, A100000000000000000000C8, A1000000000000011A); path = TicketGroundAppUITests; sourceTree = "<group>"; };
    A10000000000000000000008 = { isa = PBXGroup; children = (A1000000000000000000003B, A1000000000000000000003C, A100000000000000000000E2, A10000000000000115); path = Models; sourceTree = "<group>"; };
    A10000000000000000000009 = { isa = PBXGroup; children = (A1000000000000000000003D, A1000000000000000000003E, A100000000000000000000E3, A10000000000000114); path = Data; sourceTree = "<group>"; };
    A1000000000000000000000A = { isa = PBXGroup; children = (A1000000000000000000003F); path = Mappers; sourceTree = "<group>"; };
    A1000000000000000000000B = { isa = PBXGroup; children = (A1000000000000000000000C, A100000000000000000000E0); path = Fixtures; sourceTree = "<group>"; };
    A1000000000000000000000C = { isa = PBXGroup; children = (A100000000000000000000A0, A100000000000000000000A1, A100000000000000000000A2, A100000000000000000000A3, A100000000000000000000A4, A100000000000000000000A5, A100000000000000000000A6); path = Backend; sourceTree = "<group>"; };
    A100000000000000000000C2 = { isa = PBXGroup; children = (A100000000000000000000C3, A100000000000000000000E4); path = UI; sourceTree = "<group>"; };
    A100000000000000000000C3 = { isa = PBXGroup; children = (A100000000000000000000C4, A100000000000000000000C5, A100000000000000000000C6, A100000000000000000000C7, A1000000000000011C); path = Shared; sourceTree = "<group>"; };
    A100000000000000000000E0 = { isa = PBXGroup; children = (A100000000000000000000E1, A100000000000000000000F0, A100000000000000000000F2, A100000000000000000000F3, A100000000000000000000F4, A100000000000000000000F5); path = Discovery; sourceTree = "<group>"; };
    A100000000000000000000E4 = { isa = PBXGroup; children = (A100000000000000000000E5, A100000000000000000000E6, A100000000000000000000E7); path = Discovery; sourceTree = "<group>"; };
    A10000000000000000000020 = { isa = PBXFileReference; explicitFileType = wrapper.application; includeInIndex = 0; path = TicketGroundApp.app; sourceTree = BUILT_PRODUCTS_DIR; };
    A10000000000000000000021 = { isa = PBXFileReference; explicitFileType = wrapper.cfbundle; includeInIndex = 0; path = TicketGroundAppTests.xctest; sourceTree = BUILT_PRODUCTS_DIR; };
    A10000000000000000000022 = { isa = PBXFileReference; explicitFileType = wrapper.cfbundle; includeInIndex = 0; path = TicketGroundAppUITests.xctest; sourceTree = BUILT_PRODUCTS_DIR; };
    A10000000000000000000030 = { isa = PBXFileReference; lastKnownFileType = sourcecode.swift; path = TicketGroundApp.swift; sourceTree = "<group>"; };
    A10000000000000000000031 = { isa = PBXFileReference; lastKnownFileType = sourcecode.swift; path = ContentView.swift; sourceTree = "<group>"; };
    A10000000000000000000032 = { isa = PBXFileReference; lastKnownFileType = sourcecode.swift; path = TicketGroundAppTests.swift; sourceTree = "<group>"; };
    A10000000000000000000033 = { isa = PBXFileReference; lastKnownFileType = sourcecode.swift; path = TicketGroundAppUITests.swift; sourceTree = "<group>"; };
    A10000000000000000000034 = { isa = PBXFileReference; lastKnownFileType = sourcecode.swift; path = AppEnvironment.swift; sourceTree = "<group>"; };
    A10000000000000000000035 = { isa = PBXFileReference; lastKnownFileType = sourcecode.swift; path = AppEnvironmentTests.swift; sourceTree = "<group>"; };
    A10000000000000000000036 = { isa = PBXFileReference; lastKnownFileType = sourcecode.swift; path = BackendFixtureRunnerTests.swift; sourceTree = "<group>"; };
    A10000000000000000000037 = { isa = PBXFileReference; lastKnownFileType = sourcecode.swift; path = UITestBootstrap.swift; sourceTree = "<group>"; };
    A10000000000000000000038 = { isa = PBXFileReference; lastKnownFileType = sourcecode.swift; path = FixtureScenario.swift; sourceTree = "<group>"; };
    A10000000000000000000039 = { isa = PBXFileReference; lastKnownFileType = sourcecode.swift; path = FixtureUIHarnessTests.swift; sourceTree = "<group>"; };
    A1000000000000000000003A = { isa = PBXFileReference; lastKnownFileType = sourcecode.swift; path = VirtualFixtureContractTests.swift; sourceTree = "<group>"; };
    A1000000000000000000003B = { isa = PBXFileReference; lastKnownFileType = sourcecode.swift; path = VirtualFixtureDTOs.swift; sourceTree = "<group>"; };
    A1000000000000000000003C = { isa = PBXFileReference; lastKnownFileType = sourcecode.swift; path = VirtualFixtureDomain.swift; sourceTree = "<group>"; };
    A1000000000000000000003D = { isa = PBXFileReference; lastKnownFileType = sourcecode.swift; path = VirtualFixtureDecoder.swift; sourceTree = "<group>"; };
    A1000000000000000000003E = { isa = PBXFileReference; lastKnownFileType = sourcecode.swift; path = VirtualFixtureLoader.swift; sourceTree = "<group>"; };
    A1000000000000000000003F = { isa = PBXFileReference; lastKnownFileType = sourcecode.swift; path = VirtualFixtureMapper.swift; sourceTree = "<group>"; };
    A100000000000000000000C0 = { isa = PBXFileReference; lastKnownFileType = sourcecode.swift; path = SharedShellTests.swift; sourceTree = "<group>"; };
    A100000000000000000000C8 = { isa = PBXFileReference; lastKnownFileType = sourcecode.swift; path = DiscoveryTests.swift; sourceTree = "<group>"; };
    A100000000000000000000C4 = { isa = PBXFileReference; lastKnownFileType = sourcecode.swift; path = TicketgroundTokens.swift; sourceTree = "<group>"; };
    A100000000000000000000C5 = { isa = PBXFileReference; lastKnownFileType = sourcecode.swift; path = TicketgroundPrimitives.swift; sourceTree = "<group>"; };
    A100000000000000000000C6 = { isa = PBXFileReference; lastKnownFileType = sourcecode.swift; path = TicketgroundNavigation.swift; sourceTree = "<group>"; };
    A100000000000000000000C7 = { isa = PBXFileReference; lastKnownFileType = sourcecode.swift; path = TicketgroundStateSurfaces.swift; sourceTree = "<group>"; };
    A100000000000000000000E1 = { isa = PBXFileReference; lastKnownFileType = file.json; path = discovery.json; sourceTree = "<group>"; };
    A100000000000000000000E2 = { isa = PBXFileReference; lastKnownFileType = sourcecode.swift; path = DiscoveryModels.swift; sourceTree = "<group>"; };
    A100000000000000000000E3 = { isa = PBXFileReference; lastKnownFileType = sourcecode.swift; path = DiscoveryFixtureLoader.swift; sourceTree = "<group>"; };
    A100000000000000000000E5 = { isa = PBXFileReference; lastKnownFileType = sourcecode.swift; path = DiscoveryHomeView.swift; sourceTree = "<group>"; };
    A100000000000000000000E6 = { isa = PBXFileReference; lastKnownFileType = sourcecode.swift; path = DiscoverySectionViews.swift; sourceTree = "<group>"; };
    A100000000000000000000E7 = { isa = PBXFileReference; lastKnownFileType = sourcecode.swift; path = DiscoveryRouteView.swift; sourceTree = "<group>"; };
    A100000000000000000000F0 = { isa = PBXFileReference; lastKnownFileType = image.jpeg; path = iu-world-tour.jpg; sourceTree = "<group>"; };
    A100000000000000000000F2 = { isa = PBXFileReference; lastKnownFileType = image.jpeg; path = seventeen-tour.jpg; sourceTree = "<group>"; };
    A100000000000000000000F3 = { isa = PBXFileReference; lastKnownFileType = image.jpeg; path = berlin-phil.jpg; sourceTree = "<group>"; };
    A100000000000000000000F4 = { isa = PBXFileReference; lastKnownFileType = image.jpeg; path = nct-wish.jpg; sourceTree = "<group>"; };
    A100000000000000000000F5 = { isa = PBXFileReference; lastKnownFileType = image.png; path = phantom-of-the-opera.png; sourceTree = "<group>"; };
    A10000000000000100 = { isa = PBXFileReference; lastKnownFileType = folder.assetcatalog; path = Assets.xcassets; sourceTree = "<group>"; };
    A10000000000000114 = { isa = PBXFileReference; lastKnownFileType = sourcecode.swift; path = LiveBackendService.swift; sourceTree = "<group>"; };
    A10000000000000115 = { isa = PBXFileReference; lastKnownFileType = sourcecode.swift; path = LiveBackendModels.swift; sourceTree = "<group>"; };
    A10000000000000112 = { isa = PBXFileReference; lastKnownFileType = sourcecode.swift; path = LiveBackendServiceTests.swift; sourceTree = "<group>"; };
    A100000000000000000000A0 = { isa = PBXFileReference; lastKnownFileType = file.json; path = negative-probes.json; sourceTree = "<group>"; };
    A100000000000000000000A1 = { isa = PBXFileReference; lastKnownFileType = file.json; path = purchase.json; sourceTree = "<group>"; };
    A100000000000000000000A2 = { isa = PBXFileReference; lastKnownFileType = file.json; path = seat-map.json; sourceTree = "<group>"; };
    A100000000000000000000A3 = { isa = PBXFileReference; lastKnownFileType = file.json; path = session.json; sourceTree = "<group>"; };
    A100000000000000000000A4 = { isa = PBXFileReference; lastKnownFileType = file.json; path = state.json; sourceTree = "<group>"; };
    A100000000000000000000A5 = { isa = PBXFileReference; lastKnownFileType = file.json; path = tickets.json; sourceTree = "<group>"; };
    A100000000000000000000A6 = { isa = PBXFileReference; lastKnownFileType = file.json; path = virtual-qr.json; sourceTree = "<group>"; };
    A10000000000000118 = { isa = PBXFileReference; lastKnownFileType = sourcecode.swift; path = LoadingMediaTests.swift; sourceTree = "<group>"; };
    A1000000000000011A = { isa = PBXFileReference; lastKnownFileType = sourcecode.swift; path = LoadingMediaUITests.swift; sourceTree = "<group>"; };
    A1000000000000011C = { isa = PBXFileReference; lastKnownFileType = sourcecode.swift; path = TicketgroundMedia.swift; sourceTree = "<group>"; };
    A10000000000000000000040 = { isa = PBXBuildFile; fileRef = A10000000000000000000030; };
    A10000000000000000000041 = { isa = PBXBuildFile; fileRef = A10000000000000000000031; };
    A10000000000000000000042 = { isa = PBXBuildFile; fileRef = A10000000000000000000032; };
    A10000000000000000000043 = { isa = PBXBuildFile; fileRef = A10000000000000000000033; };
    A10000000000000000000044 = { isa = PBXBuildFile; fileRef = A10000000000000000000034; };
    A10000000000000000000045 = { isa = PBXBuildFile; fileRef = A10000000000000000000035; };
    A10000000000000000000046 = { isa = PBXBuildFile; fileRef = A10000000000000000000036; };
    A10000000000000000000047 = { isa = PBXBuildFile; fileRef = A10000000000000000000037; };
    A10000000000000000000048 = { isa = PBXBuildFile; fileRef = A10000000000000000000038; };
    A10000000000000000000049 = { isa = PBXBuildFile; fileRef = A10000000000000000000039; };
    A1000000000000000000004A = { isa = PBXBuildFile; fileRef = A1000000000000000000003A; };
    A1000000000000000000004B = { isa = PBXBuildFile; fileRef = A1000000000000000000003B; };
    A1000000000000000000004C = { isa = PBXBuildFile; fileRef = A1000000000000000000003C; };
    A1000000000000000000004D = { isa = PBXBuildFile; fileRef = A1000000000000000000003D; };
    A1000000000000000000004E = { isa = PBXBuildFile; fileRef = A1000000000000000000003E; };
    A1000000000000000000004F = { isa = PBXBuildFile; fileRef = A1000000000000000000003F; };
    A100000000000000000000C1 = { isa = PBXBuildFile; fileRef = A100000000000000000000C0; };
    A100000000000000000000C9 = { isa = PBXBuildFile; fileRef = A100000000000000000000C8; };
    A100000000000000000000D0 = { isa = PBXBuildFile; fileRef = A100000000000000000000C4; };
    A100000000000000000000D1 = { isa = PBXBuildFile; fileRef = A100000000000000000000C5; };
    A100000000000000000000D2 = { isa = PBXBuildFile; fileRef = A100000000000000000000C6; };
    A100000000000000000000D3 = { isa = PBXBuildFile; fileRef = A100000000000000000000C7; };
    A100000000000000000000E8 = { isa = PBXBuildFile; fileRef = A100000000000000000000E2; };
    A100000000000000000000E9 = { isa = PBXBuildFile; fileRef = A100000000000000000000E3; };
    A100000000000000000000EA = { isa = PBXBuildFile; fileRef = A100000000000000000000E5; };
    A100000000000000000000EB = { isa = PBXBuildFile; fileRef = A100000000000000000000E6; };
    A100000000000000000000EC = { isa = PBXBuildFile; fileRef = A100000000000000000000E7; };
    A100000000000000000000B0 = { isa = PBXBuildFile; fileRef = A100000000000000000000A0; };
    A100000000000000000000B1 = { isa = PBXBuildFile; fileRef = A100000000000000000000A1; };
    A100000000000000000000B2 = { isa = PBXBuildFile; fileRef = A100000000000000000000A2; };
    A100000000000000000000B3 = { isa = PBXBuildFile; fileRef = A100000000000000000000A3; };
    A100000000000000000000B4 = { isa = PBXBuildFile; fileRef = A100000000000000000000A4; };
    A100000000000000000000B5 = { isa = PBXBuildFile; fileRef = A100000000000000000000A5; };
    A100000000000000000000B6 = { isa = PBXBuildFile; fileRef = A100000000000000000000A6; };
    A100000000000000000000ED = { isa = PBXBuildFile; fileRef = A100000000000000000000E1; };
    A100000000000000000000F1 = { isa = PBXBuildFile; fileRef = A100000000000000000000F0; };
    A100000000000000000000F7 = { isa = PBXBuildFile; fileRef = A100000000000000000000F2; };
    A100000000000000000000F8 = { isa = PBXBuildFile; fileRef = A100000000000000000000F3; };
    A100000000000000000000F9 = { isa = PBXBuildFile; fileRef = A100000000000000000000F4; };
    A100000000000000000000FA = { isa = PBXBuildFile; fileRef = A100000000000000000000F5; };
    A10000000000000101 = { isa = PBXBuildFile; fileRef = A10000000000000100; };
    A10000000000000116 = { isa = PBXBuildFile; fileRef = A10000000000000114; };
    A10000000000000117 = { isa = PBXBuildFile; fileRef = A10000000000000115; };
    A10000000000000113 = { isa = PBXBuildFile; fileRef = A10000000000000112; };
    A10000000000000119 = { isa = PBXBuildFile; fileRef = A10000000000000118; };
    A1000000000000011B = { isa = PBXBuildFile; fileRef = A1000000000000011A; };
    A1000000000000011D = { isa = PBXBuildFile; fileRef = A1000000000000011C; };
    A10000000000000000000050 = { isa = PBXSourcesBuildPhase; buildActionMask = 2147483647; files = (A10000000000000000000040, A10000000000000000000041, A10000000000000000000044, A10000000000000000000048, A1000000000000000000004B, A1000000000000000000004C, A1000000000000000000004D, A1000000000000000000004E, A1000000000000000000004F, A10000000000000116, A10000000000000117, A100000000000000000000D0, A100000000000000000000D1, A100000000000000000000D2, A100000000000000000000D3, A100000000000000000000E8, A100000000000000000000E9, A100000000000000000000EA, A100000000000000000000EB, A100000000000000000000EC, A1000000000000011D); runOnlyForDeploymentPostprocessing = 0; };
    A10000000000000000000051 = { isa = PBXSourcesBuildPhase; buildActionMask = 2147483647; files = (A10000000000000000000042, A10000000000000000000045, A10000000000000000000046, A1000000000000000000004A, A10000000000000113, A10000000000000119); runOnlyForDeploymentPostprocessing = 0; };
    A10000000000000000000052 = { isa = PBXSourcesBuildPhase; buildActionMask = 2147483647; files = (A10000000000000000000043, A10000000000000000000047, A10000000000000000000049, A100000000000000000000C1, A100000000000000000000C9, A1000000000000011B); runOnlyForDeploymentPostprocessing = 0; };
    A10000000000000000000053 = { isa = PBXResourcesBuildPhase; buildActionMask = 2147483647; files = (A100000000000000000000B0, A100000000000000000000B1, A100000000000000000000B2, A100000000000000000000B3, A100000000000000000000B4, A100000000000000000000B5, A100000000000000000000B6, A100000000000000000000ED, A100000000000000000000F1, A100000000000000000000F7, A100000000000000000000F8, A100000000000000000000F9, A100000000000000000000FA, A10000000000000101); runOnlyForDeploymentPostprocessing = 0; };
    A10000000000000000000054 = { isa = PBXResourcesBuildPhase; buildActionMask = 2147483647; files = (); runOnlyForDeploymentPostprocessing = 0; };
    A10000000000000000000055 = { isa = PBXResourcesBuildPhase; buildActionMask = 2147483647; files = (); runOnlyForDeploymentPostprocessing = 0; };
    A10000000000000000000056 = { isa = PBXFrameworksBuildPhase; buildActionMask = 2147483647; files = (); runOnlyForDeploymentPostprocessing = 0; };
    A10000000000000000000057 = { isa = PBXFrameworksBuildPhase; buildActionMask = 2147483647; files = (); runOnlyForDeploymentPostprocessing = 0; };
    A10000000000000000000058 = { isa = PBXFrameworksBuildPhase; buildActionMask = 2147483647; files = (); runOnlyForDeploymentPostprocessing = 0; };
    A10000000000000000000060 = { isa = PBXNativeTarget; buildConfigurationList = A10000000000000000000081; buildPhases = (A10000000000000000000056, A10000000000000000000050, A10000000000000000000053); buildRules = (); dependencies = (); name = TicketGroundApp; productName = TicketGroundApp; productReference = A10000000000000000000020; productType = "com.apple.product-type.application"; };
    A10000000000000000000061 = { isa = PBXNativeTarget; buildConfigurationList = A10000000000000000000082; buildPhases = (A10000000000000000000057, A10000000000000000000051, A10000000000000000000054); buildRules = (); dependencies = (A10000000000000000000090); name = TicketGroundAppTests; productName = TicketGroundAppTests; productReference = A10000000000000000000021; productType = "com.apple.product-type.bundle.unit-test"; };
    A10000000000000000000062 = { isa = PBXNativeTarget; buildConfigurationList = A10000000000000000000083; buildPhases = (A10000000000000000000058, A10000000000000000000052, A10000000000000000000055); buildRules = (); dependencies = (A10000000000000000000092); name = TicketGroundAppUITests; productName = TicketGroundAppUITests; productReference = A10000000000000000000022; productType = "com.apple.product-type.bundle.ui-testing"; };
    A10000000000000000000090 = { isa = PBXTargetDependency; target = A10000000000000000000060; targetProxy = A10000000000000000000091; };
    A10000000000000000000091 = { isa = PBXContainerItemProxy; containerPortal = A10000000000000000000001; proxyType = 1; remoteGlobalID = A10000000000000000000060; remoteInfo = TicketGroundApp; };
    A10000000000000000000092 = { isa = PBXTargetDependency; target = A10000000000000000000060; targetProxy = A10000000000000000000093; };
    A10000000000000000000093 = { isa = PBXContainerItemProxy; containerPortal = A10000000000000000000001; proxyType = 1; remoteGlobalID = A10000000000000000000060; remoteInfo = TicketGroundApp; };
    A10000000000000000000080 = { isa = XCConfigurationList; buildConfigurations = (A10000000000000000000070, A10000000000000000000071); defaultConfigurationIsVisible = 0; defaultConfigurationName = Release; };
    A10000000000000000000081 = { isa = XCConfigurationList; buildConfigurations = (A10000000000000000000070, A10000000000000000000071); defaultConfigurationIsVisible = 0; defaultConfigurationName = Release; };
    A10000000000000000000082 = { isa = XCConfigurationList; buildConfigurations = (A10000000000000000000072, A10000000000000000000073); defaultConfigurationIsVisible = 0; defaultConfigurationName = Release; };
    A10000000000000000000083 = { isa = XCConfigurationList; buildConfigurations = (A10000000000000000000074, A10000000000000000000075); defaultConfigurationIsVisible = 0; defaultConfigurationName = Release; };
    A10000000000000000000070 = { isa = XCBuildConfiguration; buildSettings = { CODE_SIGNING_ALLOWED = NO; CODE_SIGNING_REQUIRED = NO; CODE_SIGN_IDENTITY = ""; DEVELOPMENT_LANGUAGE = ko; ENABLE_TESTABILITY = YES; GENERATE_INFOPLIST_FILE = NO; INFOPLIST_FILE = TicketGroundApp/Info.plist; INFOPLIST_KEY_CFBundleDisplayName = Ticketground; INFOPLIST_KEY_CFBundleShortVersionString = 1.0; INFOPLIST_KEY_CFBundleVersion = 1; IPHONEOS_DEPLOYMENT_TARGET = 17.0; PRODUCT_BUNDLE_IDENTIFIER = kr.ticketground.app; PRODUCT_MODULE_NAME = TicketGroundApp; PRODUCT_NAME = TicketGroundApp; SDKROOT = iphoneos; SWIFT_VERSION = 5.0; TARGETED_DEVICE_FAMILY = 1; }; name = Debug; };
    A10000000000000000000071 = { isa = XCBuildConfiguration; buildSettings = { CODE_SIGNING_ALLOWED = NO; CODE_SIGNING_REQUIRED = NO; CODE_SIGN_IDENTITY = ""; DEVELOPMENT_LANGUAGE = ko; ENABLE_TESTABILITY = YES; GENERATE_INFOPLIST_FILE = NO; INFOPLIST_FILE = TicketGroundApp/Info.plist; INFOPLIST_KEY_CFBundleDisplayName = Ticketground; INFOPLIST_KEY_CFBundleShortVersionString = 1.0; INFOPLIST_KEY_CFBundleVersion = 1; IPHONEOS_DEPLOYMENT_TARGET = 17.0; PRODUCT_BUNDLE_IDENTIFIER = kr.ticketground.app; PRODUCT_MODULE_NAME = TicketGroundApp; PRODUCT_NAME = TicketGroundApp; SDKROOT = iphoneos; SWIFT_VERSION = 5.0; TARGETED_DEVICE_FAMILY = 1; }; name = Release; };
    A10000000000000000000072 = { isa = XCBuildConfiguration; buildSettings = { BUNDLE_LOADER = "$(TEST_HOST)"; CODE_SIGNING_ALLOWED = NO; CODE_SIGNING_REQUIRED = NO; CODE_SIGN_IDENTITY = ""; GENERATE_INFOPLIST_FILE = YES; IPHONEOS_DEPLOYMENT_TARGET = 17.0; PRODUCT_BUNDLE_IDENTIFIER = kr.ticketground.app.tests; PRODUCT_MODULE_NAME = TicketGroundAppTests; PRODUCT_NAME = TicketGroundAppTests; SDKROOT = iphoneos; SWIFT_VERSION = 5.0; TEST_HOST = "$(BUILT_PRODUCTS_DIR)/TicketGroundApp.app/TicketGroundApp"; }; name = Debug; };
    A10000000000000000000073 = { isa = XCBuildConfiguration; buildSettings = { BUNDLE_LOADER = "$(TEST_HOST)"; CODE_SIGNING_ALLOWED = NO; CODE_SIGNING_REQUIRED = NO; CODE_SIGN_IDENTITY = ""; GENERATE_INFOPLIST_FILE = YES; IPHONEOS_DEPLOYMENT_TARGET = 17.0; PRODUCT_BUNDLE_IDENTIFIER = kr.ticketground.app.tests; PRODUCT_MODULE_NAME = TicketGroundAppTests; PRODUCT_NAME = TicketGroundAppTests; SDKROOT = iphoneos; SWIFT_VERSION = 5.0; TEST_HOST = "$(BUILT_PRODUCTS_DIR)/TicketGroundApp.app/TicketGroundApp"; }; name = Release; };
    A10000000000000000000074 = { isa = XCBuildConfiguration; buildSettings = { CODE_SIGNING_ALLOWED = NO; CODE_SIGNING_REQUIRED = NO; CODE_SIGN_IDENTITY = ""; GENERATE_INFOPLIST_FILE = YES; IPHONEOS_DEPLOYMENT_TARGET = 17.0; PRODUCT_BUNDLE_IDENTIFIER = kr.ticketground.app.uitests; PRODUCT_MODULE_NAME = TicketGroundAppUITests; PRODUCT_NAME = TicketGroundAppUITests; SDKROOT = iphoneos; SWIFT_VERSION = 5.0; TEST_TARGET_NAME = TicketGroundApp; }; name = Debug; };
    A10000000000000000000075 = { isa = XCBuildConfiguration; buildSettings = { CODE_SIGNING_ALLOWED = NO; CODE_SIGNING_REQUIRED = NO; CODE_SIGN_IDENTITY = ""; GENERATE_INFOPLIST_FILE = YES; IPHONEOS_DEPLOYMENT_TARGET = 17.0; PRODUCT_BUNDLE_IDENTIFIER = kr.ticketground.app.uitests; PRODUCT_MODULE_NAME = TicketGroundAppUITests; PRODUCT_NAME = TicketGroundAppUITests; SDKROOT = iphoneos; SWIFT_VERSION = 5.0; TEST_TARGET_NAME = TicketGroundApp; }; name = Release; };
    A10000000000000000000076 = { isa = XCBuildConfiguration; buildSettings = { CODE_SIGNING_ALLOWED = NO; CODE_SIGNING_REQUIRED = NO; CODE_SIGN_IDENTITY = ""; GENERATE_INFOPLIST_FILE = YES; IPHONEOS_DEPLOYMENT_TARGET = 17.0; PRODUCT_BUNDLE_IDENTIFIER = kr.ticketground.app.uitests; SDKROOT = iphoneos; SWIFT_VERSION = 5.0; TEST_TARGET_NAME = TicketGroundApp; }; name = Debug; };
    A10000000000000000000077 = { isa = XCBuildConfiguration; buildSettings = { CODE_SIGNING_ALLOWED = NO; CODE_SIGNING_REQUIRED = NO; CODE_SIGN_IDENTITY = ""; GENERATE_INFOPLIST_FILE = YES; IPHONEOS_DEPLOYMENT_TARGET = 17.0; PRODUCT_BUNDLE_IDENTIFIER = kr.ticketground.app.uitests; SDKROOT = iphoneos; SWIFT_VERSION = 5.0; TEST_TARGET_NAME = TicketGroundApp; }; name = Release; };
  };
  rootObject = A10000000000000000000001;
}
